
Microsoft Visual Studio Solution File, Format Version 12.00
# Visual Studio Version 16
VisualStudioVersion = 16.6.30114.105
MinimumVisualStudioVersion = 10.0.40219.1
Project("{FAE04EC0-301F-11D3-BF4B-00C04F79EFBC}") = "Core", "Core\Core.csproj", "{9325E0CB-B0F8-450D-ACFD-259E216B3C62}"
EndProject
Project("{FAE04EC0-301F-11D3-BF4B-00C04F79EFBC}") = "CoreTests", "CoreTests\CoreTests.csproj", "{C693928B-373D-4BBE-A0E7-7AEAABB688DB}"
EndProject
Project("{FAE04EC0-301F-11D3-BF4B-00C04F79EFBC}") = "ConsoleBattleships", "ConsoleBattleships\ConsoleBattleships.csproj", "{E9480DCD-8ABD-412A-AE30-21B2A8151AF2}"
EndProject
Global
	GlobalSection(SolutionConfigurationPlatforms) = preSolution
		Debug|Any CPU = Debug|Any CPU
		Debug|x64 = Debug|x64
		Debug|x86 = Debug|x86
		Release|Any CPU = Release|Any CPU
		Release|x64 = Release|x64
		Release|x86 = Release|x86
	EndGlobalSection
	GlobalSection(SolutionProperties) = preSolution
		HideSolutionNode = FALSE
	EndGlobalSection
	GlobalSection(ProjectConfigurationPlatforms) = postSolution
		{9325E0CB-B0F8-450D-ACFD-259E216B3C62}.Debug|Any CPU.ActiveCfg = Debug|Any CPU
		{9325E0CB-B0F8-450D-ACFD-259E216B3C62}.Debug|Any CPU.Build.0 = Debug|Any CPU
		{9325E0CB-B0F8-450D-ACFD-259E216B3C62}.Debug|x64.ActiveCfg = Debug|Any CPU
		{9325E0CB-B0F8-450D-ACFD-259E216B3C62}.Debug|x64.Build.0 = Debug|Any CPU
		{9325E0CB-B0F8-450D-ACFD-259E216B3C62}.Debug|x86.ActiveCfg = Debug|Any CPU
		{9325E0CB-B0F8-450D-ACFD-259E216B3C62}.Debug|x86.Build.0 = Debug|Any CPU
		{9325E0CB-B0F8-450D-ACFD-259E216B3C62}.Release|Any CPU.ActiveCfg = Release|Any CPU
		{9325E0CB-B0F8-450D-ACFD-259E216B3C62}.Release|Any CPU.Build.0 = Release|Any CPU
		{9325E0CB-B0F8-450D-ACFD-259E216B3C62}.Release|x64.ActiveCfg = Release|Any CPU
		{9325E0CB-B0F8-450D-ACFD-259E216B3C62}.Release|x64.Build.0 = Release|Any CPU
		{9325E0CB-B0F8-450D-ACFD-259E216B3C62}.Release|x86.ActiveCfg = Release|Any CPU
		{9325E0CB-B0F8-450D-ACFD-259E216B3C62}.Release|x86.Build.0 = Release|Any CPU
		{C693928B-373D-4BBE-A0E7-7AEAABB688DB}.Debug|Any CPU.ActiveCfg = Debug|Any CPU
		{C693928B-373D-4BBE-A0E7-7AEAABB688DB}.Debug|Any CPU.Build.0 = Debug|Any CPU
		{C693928B-373D-4BBE-A0E7-7AEAABB688DB}.Debug|x64.ActiveCfg = Debug|Any CPU
		{C693928B-373D-4BBE-A0E7-7AEAABB688DB}.Debug|x64.Build.0 = Debug|Any CPU
		{C693928B-373D-4BBE-A0E7-7AEAABB688DB}.Debug|x86.ActiveCfg = Debug|Any CPU
		{C693928B-373D-4BBE-A0E7-7AEAABB688DB}.Debug|x86.Build.0 = Debug|Any CPU
		{C693928B-373D-4BBE-A0E7-7AEAABB688DB}.Release|Any CPU.ActiveCfg = Release|Any CPU
		{C693928B-373D-4BBE-A0E7-7AEAABB688DB}.Release|Any CPU.Build.0 = Release|Any CPU
		{C693928B-373D-4BBE-A0E7-7AEAABB688DB}.Release|x64.ActiveCfg = Release|Any CPU
		{C693928B-373D-4BBE-A0E7-7AEAABB688DB}.Release|x64.Build.0 = Release|Any CPU
		{C693928B-373D-4BBE-A0E7-7AEAABB688DB}.Release|x86.ActiveCfg = Release|Any CPU
		{C693928B-373D-4BBE-A0E7-7AEAABB688DB}.Release|x86.Build.0 = Release|Any CPU
		{E9480DCD-8ABD-412A-AE30-21B2A8151AF2}.Debug|Any CPU.ActiveCfg = Debug|Any CPU
		{E9480DCD-8ABD-412A-AE30-21B2A8151AF2}.Debug|Any CPU.Build.0 = Debug|Any CPU
		{E9480DCD-8ABD-412A-AE30-21B2A8151AF2}.Debug|x64.ActiveCfg = Debug|Any CPU
		{E9480DCD-8ABD-412A-AE30-21B2A8151AF2}.Debug|x64.Build.0 = Debug|Any CPU
		{E9480DCD-8ABD-412A-AE30-21B2A8151AF2}.Debug|x86.ActiveCfg = Debug|Any CPU
		{E9480DCD-8ABD-412A-AE30-21B2A8151AF2}.Debug|x86.Build.0 = Debug|Any CPU
		{E9480DCD-8ABD-412A-AE30-21B2A8151AF2}.Release|Any CPU.ActiveCfg = Release|Any CPU
		{E9480DCD-8ABD-412A-AE30-21B2A8151AF2}.Release|Any CPU.Build.0 = Release|Any CPU
		{E9480DCD-8ABD-412A-AE30-21B2A8151AF2}.Release|x64.ActiveCfg = Release|Any CPU
		{E9480DCD-8ABD-412A-AE30-21B2A8151AF2}.Release|x64.Build.0 = Release|Any CPU
		{E9480DCD-8ABD-412A-AE30-21B2A8151AF2}.Release|x86.ActiveCfg = Release|Any CPU
		{E9480DCD-8ABD-412A-AE30-21B2A8151AF2}.Release|x86.Build.0 = Release|Any CPU
	EndGlobalSection
EndGlobal
